{
  "version": "5",
  "specifiers": {
    "jsr:@std/assert@1": "1.0.19",
    "jsr:@std/internal@^1.0.12": "1.0.14",
    "npm:@supabase/supabase-js@2": "2.117.1",
    "npm:libsodium-wrappers@0.8.4": "0.8.4"
  },
  "jsr": {
    "@std/assert@1.0.19": {
      "integrity": "eaada96ee120cb980bc47e040f82814d786fe8162ecc53c91d8df60b8755991e",
      "dependencies": [
        "jsr:@std/internal"
      ]
    },
    "@std/internal@1.0.14": {
      "integrity": "291516b3d4c35024d6ffbc0a9df5bf4c64116e05b50012cf846710152d2ffdf7"
    }
  },
  "npm": {
    "@supabase/auth-js@2.117.1": {
      "integrity": "sha512-3vJpc5thxaovbZ2zrWagzp/ZtCcXpQk1xftinzneNB1XLdhAmjqChOnj2Y8wpriYEFVvlqC+sFbR0JBUi83hDA==",
      "dependencies": [
        "tslib"
      ]
    },
    "@supabase/functions-js@2.117.1": {
      "integrity": "sha512-yyMIbEPMDXmjpjWe7WKd7en3mn6q4eDGLHEQVPcqWQIyC1hC7xa3po+o4cWSyItI6a6GYY/voDUpwhZmkxjcPw==",
      "dependencies": [
        "tslib"
      ]
    },
    "@supabase/phoenix@0.4.5": {
      "integrity": "sha512-aAn9H9ovVyeApKy11OWOrrOGq8DV68yWeH4ud2lN9fzn4aO8Zb5GLL9m1pUg9nLqIcT+ZDfAcsZe0E/nqdv2lw=="
    },
    "@supabase/postgrest-js@2.117.1": {
      "integrity": "sha512-2a7we4uKXA1d94CUc02MpUj+LzZWO3qm8fH2PDq60tVt0T6KQTIiMmEsRD53lrnwZA9C3SsaKL3mk4DiDH6GvQ==",
      "dependencies": [
        "tslib"
      ]
    },
    "@supabase/realtime-js@2.117.1": {
      "integrity": "sha512-GkbZfeh5F5aqnUhG1chrdaVQmnRK8ZUL8H16Km/eVVsX99x0w2AijfxjONCB9YKgrXArcnMsKSJzOIQGCv+qvQ==",
      "dependencies": [
        "@supabase/phoenix",
        "tslib"
      ]
    },
    "@supabase/storage-js@2.117.1": {
      "integrity": "sha512-ytDQbELKKzIVStLkShxTTK5FT4vds12eXF5QfW+gTHVvO7cB3VKZ7Hu2wkUaJlDZCaUfFdih3vznF6P8kNkJQg==",
      "dependencies": [
        "iceberg-js",
        "tslib"
      ]
    },
    "@supabase/supabase-js@2.117.1": {
      "integrity": "sha512-VcyiuXF0jZFbN4GcHtytSGNwfXnRJwlxjGFZxeEmRVgSLSbaoHk2Avyg49/aEdTJGBSz5vK1L7uhYiYdfl0Axw==",
      "dependencies": [
        "@supabase/auth-js",
        "@supabase/functions-js",
        "@supabase/postgrest-js",
        "@supabase/realtime-js",
        "@supabase/storage-js"
      ]
    },
    "iceberg-js@0.8.1": {
      "integrity": "sha512-1dhVQZXhcHje7798IVM+xoo/1ZdVfzOMIc8/rgVSijRK38EDqOJoGula9N/8ZI5RD8QTxNQtK/Gozpr+qUqRRA=="
    },
    "libsodium-wrappers@0.8.4": {
      "integrity": "sha512-mu8aAWucZjTB5O/BtGXtW4e1agy7uHxNYG7zPthmmD1jU43LCDmSWZLN4JhflbdPXj3yDO4lxM1O9hLDgIOXDw==",
      "dependencies": [
        "libsodium"
      ]
    },
    "libsodium@0.8.4": {
      "integrity": "sha512-lMcYaRi0zcs7tarATsQUYC7rstliIXZuoq0c6zXSgNtSNtdvBgkSegjWhpMJAXzKX3SUSwIp7+zEsob+j3LuRw=="
    },
    "tslib@2.8.1": {
      "integrity": "sha512-oJFu94HQb+KVduSUQL7wnpmqnfmLsOA/nAh6b6EH0wCEoK0/mPeXU6c3wKDV83MkOuHPRHtSXKKU99IBazS/2w=="
    }
  }
}
